Microsoft Visual Studio Solution File, Format Version 12.00
# Visual Studio Version 16
VisualStudioVersion = 16.0.30611.23
MinimumVisualStudioVersion = 10.0.40219.1
Project("{2150E333-8FDC-42A3-9474-1A3956D46DE8}") = "Warmup", "Warmup", "{6B1019ED-C4E4-4F3D-B3BF-06FD6ABEC47D}"
EndProject
Project("{9A19103F-16F7-4668-BE54-9A1E7A4F7556}") = "SimpleArraySum", "Warmup\SimpleArraySum\SimpleArraySum.csproj", "{EFF7B29F-60DF-4B43-BA85-28F847E5EAB3}"
EndProject
Project("{9A19103F-16F7-4668-BE54-9A1E7A4F7556}") = "AVeryBigSum", "Warmup\AVeryBigSum\AVeryBigSum.csproj", "{06DF9C79-7A0F-4019-BB76-23BB1F76F278}"
EndProject
Project("{9A19103F-16F7-4668-BE54-9A1E7A4F7556}") = "PlusMinus", "Warmup\PlusMinus\PlusMinus.csproj", "{B7ACC861-6A57-4449-B96A-DFF644C7FAC7}"
EndProject
Project("{9A19103F-16F7-4668-BE54-9A1E7A4F7556}") = "MiniMaxSum", "Warmup\MiniMaxSum\MiniMaxSum.csproj", "{39603FEE-5B3B-4347-875F-4223CB4987EB}"
EndProject
Project("{9A19103F-16F7-4668-BE54-9A1E7A4F7556}") = "TimeConversion", "Warmup\TimeConversion\TimeConversion.csproj", "{D7F20F8A-ECF4-4644-9C66-7CB2F3A431EC}"
EndProject
Project("{9A19103F-16F7-4668-BE54-9A1E7A4F7556}") = "CompareTheTriplets", "Warmup\CompareTheTriplets\CompareTheTriplets.csproj", "{C83B39D1-2A1A-4AC1-B596-09B27E013BC4}"
EndProject
Project("{9A19103F-16F7-4668-BE54-9A1E7A4F7556}") = "BirthdayCakeCandles", "Warmup\BirthdayCakeCandles\BirthdayCakeCandles.csproj", "{3BD4726F-4321-4987-9266-A579F8E00073}"
EndProject
Project("{9A19103F-16F7-4668-BE54-9A1E7A4F7556}") = "Staircase", "Warmup\Staircase\Staircase.csproj", "{DE1EAC90-A6CB-412D-958A-59C44286B2D2}"
EndProject
Project("{9A19103F-16F7-4668-BE54-9A1E7A4F7556}") = "DiagonalDifference", "Warmup\DiagonalDifference\DiagonalDifference.csproj", "{5E898995-B06C-4F31-AF6B-C7D900F2B7AA}"
EndProject
Project("{2150E333-8FDC-42A3-9474-1A3956D46DE8}") = "Implementation", "Implementation", "{43CBD408-B601-45ED-BB12-9620E26E17B7}"
EndProject
Project("{9A19103F-16F7-4668-BE54-9A1E7A4F7556}") = "GradingStudents", "Implementation\GradingStudents\GradingStudents.csproj", "{CDBB1610-B900-455E-9445-920449301937}"
EndProject
Project("{9A19103F-16F7-4668-BE54-9A1E7A4F7556}") = "AppleAndOrange", "Implementation\AppleAndOrange\AppleAndOrange.csproj", "{44AE309C-68F0-41B8-8553-D244FACA6C06}"
EndProject
Project("{9A19103F-16F7-4668-BE54-9A1E7A4F7556}") = "BreakingTheRecords", "Implementation\BreakingTheRecords\BreakingTheRecords.csproj", "{206BDE1B-00A0-4304-9ADA-05614BB76CBB}"
EndProject
Project("{9A19103F-16F7-4668-BE54-9A1E7A4F7556}") = "CatsAndAMouse", "Implementation\CatsAndAMouse\CatsAndAMouse.csproj", "{238FF756-1848-469E-A6DB-0F2ACD1AC244}"
EndProject
Project("{2150E333-8FDC-42A3-9474-1A3956D46DE8}") = "Strings", "Strings", "{99A72F97-3A9A-426A-B52F-924F6BC177A0}"
EndProject
Project("{9A19103F-16F7-4668-BE54-9A1E7A4F7556}") = "CamelCase", "Strings\CamelCase\CamelCase.csproj", "{395DF638-CE70-4110-9AE9-84B5E4D50E67}"
EndProject
Project("{9A19103F-16F7-4668-BE54-9A1E7A4F7556}") = "HackerRankInAString", "Strings\HackerRankInAString\HackerRankInAString.csproj", "{9FD81264-D47F-493F-A2D2-12504BC7DD33}"
EndProject
Project("{2150E333-8FDC-42A3-9474-1A3956D46DE8}") = "Sorting", "Sorting", "{D41C6E17-FAED-4D28-B8F4-0202EB8A416D}"
EndProject
Project("{9A19103F-16F7-4668-BE54-9A1E7A4F7556}") = "IntroToTutorialChallenges", "Sorting\IntroToTutorialChallenges\IntroToTutorialChallenges.csproj", "{C732CD15-9EB8-4665-BAC7-81F466AE41D2}"
EndProject
Project("{9A19103F-16F7-4668-BE54-9A1E7A4F7556}") = "BigSorting", "Sorting\BigSorting\BigSorting.csproj", "{15700060-EA7A-4F4A-A25E-2B57E13E5019}"
EndProject
Project("{9A19103F-16F7-4668-BE54-9A1E7A4F7556}") = "Pangrams", "Strings\Pangrams\Pangrams.csproj", "{0ADD8663-587C-46C6-821D-624AF0B4D003}"
EndProject
Project("{9A19103F-16F7-4668-BE54-9A1E7A4F7556}") = "FindDigits", "Implementation\FindDigits\FindDigits.csproj", "{5BF82391-1649-4BAD-A6A2-2571DA9E7935}"
EndProject
Project("{9A19103F-16F7-4668-BE54-9A1E7A4F7556}") = "ViralAdvertising", "Implementation\ViralAdvertising\ViralAdvertising.csproj", "{6BB2A57B-601A-4170-82FB-846F8658211E}"
EndProject
Project("{9A19103F-16F7-4668-BE54-9A1E7A4F7556}") = "TheHurdleRace", "Implementation\TheHurdleRace\TheHurdleRace.csproj", "{FB19C0E0-E4C8-425E-8B6D-4A9995C29C19}"
EndProject
Project("{9A19103F-16F7-4668-BE54-9A1E7A4F7556}") = "SalesByMatch", "Implementation\SalesByMatch\SalesByMatch.csproj", "{C057DC43-01C7-4209-92AE-D5095765E498}"
EndProject
Project("{9A19103F-16F7-4668-BE54-9A1E7A4F7556}") = "AlternatingCharacters", "Strings\AlternatingCharacters\AlternatingCharacters.csproj", "{30667D6E-B765-40F0-8D90-6245CC24CCBE}"
EndProject
Project("{9A19103F-16F7-4668-BE54-9A1E7A4F7556}") = "StringConstruction", "Strings\StringConstruction\StringConstruction.csproj", "{482A3811-4B20-4F06-88A3-9FC178CACEF5}"
EndProject
Project("{9A19103F-16F7-4668-BE54-9A1E7A4F7556}") = "GameOfThronesI", "Strings\GameOfThronesI\GameOfThronesI.csproj", "{C9013B1B-3EBC-49E4-9C6D-14CB61C98342}"
EndProject
Project("{9A19103F-16F7-4668-BE54-9A1E7A4F7556}") = "CutTheSticks", "Implementation\CutTheSticks\CutTheSticks.csproj", "{033D2E34-75F0-4BA1-9777-5565E351C96C}"
EndProject
Project("{9A19103F-16F7-4668-BE54-9A1E7A4F7556}") = "BeautifulDaysAtTheMovies", "Implementation\CavityMap\BeautifulDaysAtTheMovies\BeautifulDaysAtTheMovies.csproj", "{D4F431DF-13F6-4EE7-8EEB-FFB36BA7C220}"
EndProject
Project("{9A19103F-16F7-4668-BE54-9A1E7A4F7556}") = "EqualizeTheArray", "Implementation\EqualizeTheArray\EqualizeTheArray.csproj", "{78FDCCA6-EA3F-4160-943A-39557A417944}"
EndProject
Project("{9A19103F-16F7-4668-BE54-9A1E7A4F7556}") = "FairRations", "Implementation\FairRations\FairRations.csproj", "{C13F9A52-9B5A-4E30-97C9-4E2C28A1C35F}"
EndProject
Project("{9A19103F-16F7-4668-BE54-9A1E7A4F7556}") = "StrangeCounter", "Implementation\StrangeCounter\StrangeCounter.csproj", "{EC3724B6-3F19-4F6D-80F4-AEAA1121E0CD}"
EndProject
Project("{FAE04EC0-301F-11D3-BF4B-00C04F79EFBC}") = "MinimumDistances", "Implementation\MinimumDistances\MinimumDistances.csproj", "{49F59523-4C03-4555-BCA5-F336D43161CD}"
EndProject
Global
	GlobalSection(SolutionConfigurationPlatforms) = preSolution
		Debug|Any CPU = Debug|Any CPU
		Release|Any CPU = Release|Any CPU
	EndGlobalSection
	GlobalSection(ProjectConfigurationPlatforms) = postSolution
		{EFF7B29F-60DF-4B43-BA85-28F847E5EAB3}.Debug|Any CPU.ActiveCfg = Debug|Any CPU
		{EFF7B29F-60DF-4B43-BA85-28F847E5EAB3}.Debug|Any CPU.Build.0 = Debug|Any CPU
		{EFF7B29F-60DF-4B43-BA85-28F847E5EAB3}.Release|Any CPU.ActiveCfg = Release|Any CPU
		{EFF7B29F-60DF-4B43-BA85-28F847E5EAB3}.Release|Any CPU.Build.0 = Release|Any CPU
		{06DF9C79-7A0F-4019-BB76-23BB1F76F278}.Debug|Any CPU.ActiveCfg = Debug|Any CPU
		{06DF9C79-7A0F-4019-BB76-23BB1F76F278}.Debug|Any CPU.Build.0 = Debug|Any CPU
		{06DF9C79-7A0F-4019-BB76-23BB1F76F278}.Release|Any CPU.ActiveCfg = Release|Any CPU
		{06DF9C79-7A0F-4019-BB76-23BB1F76F278}.Release|Any CPU.Build.0 = Release|Any CPU
		{B7ACC861-6A57-4449-B96A-DFF644C7FAC7}.Debug|Any CPU.ActiveCfg = Debug|Any CPU
		{B7ACC861-6A57-4449-B96A-DFF644C7FAC7}.Debug|Any CPU.Build.0 = Debug|Any CPU
		{B7ACC861-6A57-4449-B96A-DFF644C7FAC7}.Release|Any CPU.ActiveCfg = Release|Any CPU
		{B7ACC861-6A57-4449-B96A-DFF644C7FAC7}.Release|Any CPU.Build.0 = Release|Any CPU
		{39603FEE-5B3B-4347-875F-4223CB4987EB}.Debug|Any CPU.ActiveCfg = Debug|Any CPU
		{39603FEE-5B3B-4347-875F-4223CB4987EB}.Debug|Any CPU.Build.0 = Debug|Any CPU
		{39603FEE-5B3B-4347-875F-4223CB4987EB}.Release|Any CPU.ActiveCfg = Release|Any CPU
		{39603FEE-5B3B-4347-875F-4223CB4987EB}.Release|Any CPU.Build.0 = Release|Any CPU
		{D7F20F8A-ECF4-4644-9C66-7CB2F3A431EC}.Debug|Any CPU.ActiveCfg = Debug|Any CPU
		{D7F20F8A-ECF4-4644-9C66-7CB2F3A431EC}.Debug|Any CPU.Build.0 = Debug|Any CPU
		{D7F20F8A-ECF4-4644-9C66-7CB2F3A431EC}.Release|Any CPU.ActiveCfg = Release|Any CPU
		{D7F20F8A-ECF4-4644-9C66-7CB2F3A431EC}.Release|Any CPU.Build.0 = Release|Any CPU
		{C83B39D1-2A1A-4AC1-B596-09B27E013BC4}.Debug|Any CPU.ActiveCfg = Debug|Any CPU
		{C83B39D1-2A1A-4AC1-B596-09B27E013BC4}.Debug|Any CPU.Build.0 = Debug|Any CPU
		{C83B39D1-2A1A-4AC1-B596-09B27E013BC4}.Release|Any CPU.ActiveCfg = Release|Any CPU
		{C83B39D1-2A1A-4AC1-B596-09B27E013BC4}.Release|Any CPU.Build.0 = Release|Any CPU
		{3BD4726F-4321-4987-9266-A579F8E00073}.Debug|Any CPU.ActiveCfg = Debug|Any CPU
		{3BD4726F-4321-4987-9266-A579F8E00073}.Debug|Any CPU.Build.0 = Debug|Any CPU
		{3BD4726F-4321-4987-9266-A579F8E00073}.Release|Any CPU.ActiveCfg = Release|Any CPU
		{3BD4726F-4321-4987-9266-A579F8E00073}.Release|Any CPU.Build.0 = Release|Any CPU
		{DE1EAC90-A6CB-412D-958A-59C44286B2D2}.Debug|Any CPU.ActiveCfg = Debug|Any CPU
		{DE1EAC90-A6CB-412D-958A-59C44286B2D2}.Debug|Any CPU.Build.0 = Debug|Any CPU
		{DE1EAC90-A6CB-412D-958A-59C44286B2D2}.Release|Any CPU.ActiveCfg = Release|Any CPU
		{DE1EAC90-A6CB-412D-958A-59C44286B2D2}.Release|Any CPU.Build.0 = Release|Any CPU
		{5E898995-B06C-4F31-AF6B-C7D900F2B7AA}.Debug|Any CPU.ActiveCfg = Debug|Any CPU
		{5E898995-B06C-4F31-AF6B-C7D900F2B7AA}.Debug|Any CPU.Build.0 = Debug|Any CPU
		{5E898995-B06C-4F31-AF6B-C7D900F2B7AA}.Release|Any CPU.ActiveCfg = Release|Any CPU
		{5E898995-B06C-4F31-AF6B-C7D900F2B7AA}.Release|Any CPU.Build.0 = Release|Any CPU
		{CDBB1610-B900-455E-9445-920449301937}.Debug|Any CPU.ActiveCfg = Debug|Any CPU
		{CDBB1610-B900-455E-9445-920449301937}.Debug|Any CPU.Build.0 = Debug|Any CPU
		{CDBB1610-B900-455E-9445-920449301937}.Release|Any CPU.ActiveCfg = Release|Any CPU
		{CDBB1610-B900-455E-9445-920449301937}.Release|Any CPU.Build.0 = Release|Any CPU
		{44AE309C-68F0-41B8-8553-D244FACA6C06}.Debug|Any CPU.ActiveCfg = Debug|Any CPU
		{44AE309C-68F0-41B8-8553-D244FACA6C06}.Debug|Any CPU.Build.0 = Debug|Any CPU
		{44AE309C-68F0-41B8-8553-D244FACA6C06}.Release|Any CPU.ActiveCfg = Release|Any CPU
		{44AE309C-68F0-41B8-8553-D244FACA6C06}.Release|Any CPU.Build.0 = Release|Any CPU
		{206BDE1B-00A0-4304-9ADA-05614BB76CBB}.Debug|Any CPU.ActiveCfg = Debug|Any CPU
		{206BDE1B-00A0-4304-9ADA-05614BB76CBB}.Debug|Any CPU.Build.0 = Debug|Any CPU
		{206BDE1B-00A0-4304-9ADA-05614BB76CBB}.Release|Any CPU.ActiveCfg = Release|Any CPU
		{206BDE1B-00A0-4304-9ADA-05614BB76CBB}.Release|Any CPU.Build.0 = Release|Any CPU
		{238FF756-1848-469E-A6DB-0F2ACD1AC244}.Debug|Any CPU.ActiveCfg = Debug|Any CPU
		{238FF756-1848-469E-A6DB-0F2ACD1AC244}.Debug|Any CPU.Build.0 = Debug|Any CPU
		{238FF756-1848-469E-A6DB-0F2ACD1AC244}.Release|Any CPU.ActiveCfg = Release|Any CPU
		{238FF756-1848-469E-A6DB-0F2ACD1AC244}.Release|Any CPU.Build.0 = Release|Any CPU
		{395DF638-CE70-4110-9AE9-84B5E4D50E67}.Debug|Any CPU.ActiveCfg = Debug|Any CPU
		{395DF638-CE70-4110-9AE9-84B5E4D50E67}.Debug|Any CPU.Build.0 = Debug|Any CPU
		{395DF638-CE70-4110-9AE9-84B5E4D50E67}.Release|Any CPU.ActiveCfg = Release|Any CPU
		{395DF638-CE70-4110-9AE9-84B5E4D50E67}.Release|Any CPU.Build.0 = Release|Any CPU
		{9FD81264-D47F-493F-A2D2-12504BC7DD33}.Debug|Any CPU.ActiveCfg = Debug|Any CPU
		{9FD81264-D47F-493F-A2D2-12504BC7DD33}.Debug|Any CPU.Build.0 = Debug|Any CPU
		{9FD81264-D47F-493F-A2D2-12504BC7DD33}.Release|Any CPU.ActiveCfg = Release|Any CPU
		{9FD81264-D47F-493F-A2D2-12504BC7DD33}.Release|Any CPU.Build.0 = Release|Any CPU
		{C732CD15-9EB8-4665-BAC7-81F466AE41D2}.Debug|Any CPU.ActiveCfg = Debug|Any CPU
		{C732CD15-9EB8-4665-BAC7-81F466AE41D2}.Debug|Any CPU.Build.0 = Debug|Any CPU
		{C732CD15-9EB8-4665-BAC7-81F466AE41D2}.Release|Any CPU.ActiveCfg = Release|Any CPU
		{C732CD15-9EB8-4665-BAC7-81F466AE41D2}.Release|Any CPU.Build.0 = Release|Any CPU
		{15700060-EA7A-4F4A-A25E-2B57E13E5019}.Debug|Any CPU.ActiveCfg = Debug|Any CPU
		{15700060-EA7A-4F4A-A25E-2B57E13E5019}.Debug|Any CPU.Build.0 = Debug|Any CPU
		{15700060-EA7A-4F4A-A25E-2B57E13E5019}.Release|Any CPU.ActiveCfg = Release|Any CPU
		{15700060-EA7A-4F4A-A25E-2B57E13E5019}.Release|Any CPU.Build.0 = Release|Any CPU
		{0ADD8663-587C-46C6-821D-624AF0B4D003}.Debug|Any CPU.ActiveCfg = Debug|Any CPU
		{0ADD8663-587C-46C6-821D-624AF0B4D003}.Debug|Any CPU.Build.0 = Debug|Any CPU
		{0ADD8663-587C-46C6-821D-624AF0B4D003}.Release|Any CPU.ActiveCfg = Release|Any CPU
		{0ADD8663-587C-46C6-821D-624AF0B4D003}.Release|Any CPU.Build.0 = Release|Any CPU
		{5BF82391-1649-4BAD-A6A2-2571DA9E7935}.Debug|Any CPU.ActiveCfg = Debug|Any CPU
		{5BF82391-1649-4BAD-A6A2-2571DA9E7935}.Debug|Any CPU.Build.0 = Debug|Any CPU
		{5BF82391-1649-4BAD-A6A2-2571DA9E7935}.Release|Any CPU.ActiveCfg = Release|Any CPU
		{5BF82391-1649-4BAD-A6A2-2571DA9E7935}.Release|Any CPU.Build.0 = Release|Any CPU
		{6BB2A57B-601A-4170-82FB-846F8658211E}.Debug|Any CPU.ActiveCfg = Debug|Any CPU
		{6BB2A57B-601A-4170-82FB-846F8658211E}.Debug|Any CPU.Build.0 = Debug|Any CPU
		{6BB2A57B-601A-4170-82FB-846F8658211E}.Release|Any CPU.ActiveCfg = Release|Any CPU
		{6BB2A57B-601A-4170-82FB-846F8658211E}.Release|Any CPU.Build.0 = Release|Any CPU
		{FB19C0E0-E4C8-425E-8B6D-4A9995C29C19}.Debug|Any CPU.ActiveCfg = Debug|Any CPU
		{FB19C0E0-E4C8-425E-8B6D-4A9995C29C19}.Debug|Any CPU.Build.0 = Debug|Any CPU
		{FB19C0E0-E4C8-425E-8B6D-4A9995C29C19}.Release|Any CPU.ActiveCfg = Release|Any CPU
		{FB19C0E0-E4C8-425E-8B6D-4A9995C29C19}.Release|Any CPU.Build.0 = Release|Any CPU
		{C057DC43-01C7-4209-92AE-D5095765E498}.Debug|Any CPU.ActiveCfg = Debug|Any CPU
		{C057DC43-01C7-4209-92AE-D5095765E498}.Debug|Any CPU.Build.0 = Debug|Any CPU
		{C057DC43-01C7-4209-92AE-D5095765E498}.Release|Any CPU.ActiveCfg = Release|Any CPU
		{C057DC43-01C7-4209-92AE-D5095765E498}.Release|Any CPU.Build.0 = Release|Any CPU
		{30667D6E-B765-40F0-8D90-6245CC24CCBE}.Debug|Any CPU.ActiveCfg = Debug|Any CPU
		{30667D6E-B765-40F0-8D90-6245CC24CCBE}.Debug|Any CPU.Build.0 = Debug|Any CPU
		{30667D6E-B765-40F0-8D90-6245CC24CCBE}.Release|Any CPU.ActiveCfg = Release|Any CPU
		{30667D6E-B765-40F0-8D90-6245CC24CCBE}.Release|Any CPU.Build.0 = Release|Any CPU
		{482A3811-4B20-4F06-88A3-9FC178CACEF5}.Debug|Any CPU.ActiveCfg = Debug|Any CPU
		{482A3811-4B20-4F06-88A3-9FC178CACEF5}.Debug|Any CPU.Build.0 = Debug|Any CPU
		{482A3811-4B20-4F06-88A3-9FC178CACEF5}.Release|Any CPU.ActiveCfg = Release|Any CPU
		{482A3811-4B20-4F06-88A3-9FC178CACEF5}.Release|Any CPU.Build.0 = Release|Any CPU
		{C9013B1B-3EBC-49E4-9C6D-14CB61C98342}.Debug|Any CPU.ActiveCfg = Debug|Any CPU
		{C9013B1B-3EBC-49E4-9C6D-14CB61C98342}.Debug|Any CPU.Build.0 = Debug|Any CPU
		{C9013B1B-3EBC-49E4-9C6D-14CB61C98342}.Release|Any CPU.ActiveCfg = Release|Any CPU
		{C9013B1B-3EBC-49E4-9C6D-14CB61C98342}.Release|Any CPU.Build.0 = Release|Any CPU
		{033D2E34-75F0-4BA1-9777-5565E351C96C}.Debug|Any CPU.ActiveCfg = Debug|Any CPU
		{033D2E34-75F0-4BA1-9777-5565E351C96C}.Debug|Any CPU.Build.0 = Debug|Any CPU
		{033D2E34-75F0-4BA1-9777-5565E351C96C}.Release|Any CPU.ActiveCfg = Release|Any CPU
		{033D2E34-75F0-4BA1-9777-5565E351C96C}.Release|Any CPU.Build.0 = Release|Any CPU
		{D4F431DF-13F6-4EE7-8EEB-FFB36BA7C220}.Debug|Any CPU.ActiveCfg = Debug|Any CPU
		{D4F431DF-13F6-4EE7-8EEB-FFB36BA7C220}.Debug|Any CPU.Build.0 = Debug|Any CPU
		{D4F431DF-13F6-4EE7-8EEB-FFB36BA7C220}.Release|Any CPU.ActiveCfg = Release|Any CPU
		{D4F431DF-13F6-4EE7-8EEB-FFB36BA7C220}.Release|Any CPU.Build.0 = Release|Any CPU
		{78FDCCA6-EA3F-4160-943A-39557A417944}.Debug|Any CPU.ActiveCfg = Debug|Any CPU
		{78FDCCA6-EA3F-4160-943A-39557A417944}.Debug|Any CPU.Build.0 = Debug|Any CPU
		{78FDCCA6-EA3F-4160-943A-39557A417944}.Release|Any CPU.ActiveCfg = Release|Any CPU
		{78FDCCA6-EA3F-4160-943A-39557A417944}.Release|Any CPU.Build.0 = Release|Any CPU
		{C13F9A52-9B5A-4E30-97C9-4E2C28A1C35F}.Debug|Any CPU.ActiveCfg = Debug|Any CPU
		{C13F9A52-9B5A-4E30-97C9-4E2C28A1C35F}.Debug|Any CPU.Build.0 = Debug|Any CPU
		{C13F9A52-9B5A-4E30-97C9-4E2C28A1C35F}.Release|Any CPU.ActiveCfg = Release|Any CPU
		{C13F9A52-9B5A-4E30-97C9-4E2C28A1C35F}.Release|Any CPU.Build.0 = Release|Any CPU
		{EC3724B6-3F19-4F6D-80F4-AEAA1121E0CD}.Debug|Any CPU.ActiveCfg = Debug|Any CPU
		{EC3724B6-3F19-4F6D-80F4-AEAA1121E0CD}.Debug|Any CPU.Build.0 = Debug|Any CPU
		{EC3724B6-3F19-4F6D-80F4-AEAA1121E0CD}.Release|Any CPU.ActiveCfg = Release|Any CPU
		{EC3724B6-3F19-4F6D-80F4-AEAA1121E0CD}.Release|Any CPU.Build.0 = Release|Any CPU
		{49F59523-4C03-4555-BCA5-F336D43161CD}.Debug|Any CPU.ActiveCfg = Debug|Any CPU
		{49F59523-4C03-4555-BCA5-F336D43161CD}.Debug|Any CPU.Build.0 = Debug|Any CPU
		{49F59523-4C03-4555-BCA5-F336D43161CD}.Release|Any CPU.ActiveCfg = Release|Any CPU
		{49F59523-4C03-4555-BCA5-F336D43161CD}.Release|Any CPU.Build.0 = Release|Any CPU
	EndGlobalSection
	GlobalSection(SolutionProperties) = preSolution
		HideSolutionNode = FALSE
	EndGlobalSection
	GlobalSection(NestedProjects) = preSolution
		{EFF7B29F-60DF-4B43-BA85-28F847E5EAB3} = {6B1019ED-C4E4-4F3D-B3BF-06FD6ABEC47D}
		{06DF9C79-7A0F-4019-BB76-23BB1F76F278} = {6B1019ED-C4E4-4F3D-B3BF-06FD6ABEC47D}
		{B7ACC861-6A57-4449-B96A-DFF644C7FAC7} = {6B1019ED-C4E4-4F3D-B3BF-06FD6ABEC47D}
		{39603FEE-5B3B-4347-875F-4223CB4987EB} = {6B1019ED-C4E4-4F3D-B3BF-06FD6ABEC47D}
		{D7F20F8A-ECF4-4644-9C66-7CB2F3A431EC} = {6B1019ED-C4E4-4F3D-B3BF-06FD6ABEC47D}
		{C83B39D1-2A1A-4AC1-B596-09B27E013BC4} = {6B1019ED-C4E4-4F3D-B3BF-06FD6ABEC47D}
		{3BD4726F-4321-4987-9266-A579F8E00073} = {6B1019ED-C4E4-4F3D-B3BF-06FD6ABEC47D}
		{DE1EAC90-A6CB-412D-958A-59C44286B2D2} = {6B1019ED-C4E4-4F3D-B3BF-06FD6ABEC47D}
		{5E898995-B06C-4F31-AF6B-C7D900F2B7AA} = {6B1019ED-C4E4-4F3D-B3BF-06FD6ABEC47D}
		{CDBB1610-B900-455E-9445-920449301937} = {43CBD408-B601-45ED-BB12-9620E26E17B7}
		{44AE309C-68F0-41B8-8553-D244FACA6C06} = {43CBD408-B601-45ED-BB12-9620E26E17B7}
		{206BDE1B-00A0-4304-9ADA-05614BB76CBB} = {43CBD408-B601-45ED-BB12-9620E26E17B7}
		{238FF756-1848-469E-A6DB-0F2ACD1AC244} = {43CBD408-B601-45ED-BB12-9620E26E17B7}
		{395DF638-CE70-4110-9AE9-84B5E4D50E67} = {99A72F97-3A9A-426A-B52F-924F6BC177A0}
		{9FD81264-D47F-493F-A2D2-12504BC7DD33} = {99A72F97-3A9A-426A-B52F-924F6BC177A0}
		{C732CD15-9EB8-4665-BAC7-81F466AE41D2} = {D41C6E17-FAED-4D28-B8F4-0202EB8A416D}
		{15700060-EA7A-4F4A-A25E-2B57E13E5019} = {D41C6E17-FAED-4D28-B8F4-0202EB8A416D}
		{0ADD8663-587C-46C6-821D-624AF0B4D003} = {99A72F97-3A9A-426A-B52F-924F6BC177A0}
		{5BF82391-1649-4BAD-A6A2-2571DA9E7935} = {43CBD408-B601-45ED-BB12-9620E26E17B7}
		{6BB2A57B-601A-4170-82FB-846F8658211E} = {43CBD408-B601-45ED-BB12-9620E26E17B7}
		{FB19C0E0-E4C8-425E-8B6D-4A9995C29C19} = {43CBD408-B601-45ED-BB12-9620E26E17B7}
		{C057DC43-01C7-4209-92AE-D5095765E498} = {43CBD408-B601-45ED-BB12-9620E26E17B7}
		{30667D6E-B765-40F0-8D90-6245CC24CCBE} = {99A72F97-3A9A-426A-B52F-924F6BC177A0}
		{482A3811-4B20-4F06-88A3-9FC178CACEF5} = {99A72F97-3A9A-426A-B52F-924F6BC177A0}
		{C9013B1B-3EBC-49E4-9C6D-14CB61C98342} = {99A72F97-3A9A-426A-B52F-924F6BC177A0}
		{033D2E34-75F0-4BA1-9777-5565E351C96C} = {43CBD408-B601-45ED-BB12-9620E26E17B7}
		{D4F431DF-13F6-4EE7-8EEB-FFB36BA7C220} = {43CBD408-B601-45ED-BB12-9620E26E17B7}
		{78FDCCA6-EA3F-4160-943A-39557A417944} = {43CBD408-B601-45ED-BB12-9620E26E17B7}
		{C13F9A52-9B5A-4E30-97C9-4E2C28A1C35F} = {43CBD408-B601-45ED-BB12-9620E26E17B7}
		{EC3724B6-3F19-4F6D-80F4-AEAA1121E0CD} = {43CBD408-B601-45ED-BB12-9620E26E17B7}
		{49F59523-4C03-4555-BCA5-F336D43161CD} = {43CBD408-B601-45ED-BB12-9620E26E17B7}
	EndGlobalSection
	GlobalSection(ExtensibilityGlobals) = postSolution
		SolutionGuid = {C887DAFC-6263-4B10-8085-677E61DEBA6B}
	EndGlobalSection
EndGlobal
