
Microsoft Visual Studio Solution File, Format Version 12.00
# Visual Studio Version 16
VisualStudioVersion = 16.0.30611.23
MinimumVisualStudioVersion = 10.0.40219.1
Project("{2150E333-8FDC-42A3-9474-1A3956D46DE8}") = "Warmup", "Warmup", "{6B1019ED-C4E4-4F3D-B3BF-06FD6ABEC47D}"
EndProject
Project("{9A19103F-16F7-4668-BE54-9A1E7A4F7556}") = "SimpleArraySum", "Warmup\SimpleArraySum\SimpleArraySum.csproj", "{EFF7B29F-60DF-4B43-BA85-28F847E5EAB3}"
EndProject
Project("{FAE04EC0-301F-11D3-BF4B-00C04F79EFBC}") = "AVeryBigSum", "Warmup\AVeryBigSum\AVeryBigSum.csproj", "{06DF9C79-7A0F-4019-BB76-23BB1F76F278}"
EndProject
Global
	GlobalSection(SolutionConfigurationPlatforms) = preSolution
		Debug|Any CPU = Debug|Any CPU
		Release|Any CPU = Release|Any CPU
	EndGlobalSection
	GlobalSection(ProjectConfigurationPlatforms) = postSolution
		{EFF7B29F-60DF-4B43-BA85-28F847E5EAB3}.Debug|Any CPU.ActiveCfg = Debug|Any CPU
		{EFF7B29F-60DF-4B43-BA85-28F847E5EAB3}.Debug|Any CPU.Build.0 = Debug|Any CPU
		{EFF7B29F-60DF-4B43-BA85-28F847E5EAB3}.Release|Any CPU.ActiveCfg = Release|Any CPU
		{EFF7B29F-60DF-4B43-BA85-28F847E5EAB3}.Release|Any CPU.Build.0 = Release|Any CPU
		{06DF9C79-7A0F-4019-BB76-23BB1F76F278}.Debug|Any CPU.ActiveCfg = Debug|Any CPU
		{06DF9C79-7A0F-4019-BB76-23BB1F76F278}.Debug|Any CPU.Build.0 = Debug|Any CPU
		{06DF9C79-7A0F-4019-BB76-23BB1F76F278}.Release|Any CPU.ActiveCfg = Release|Any CPU
		{06DF9C79-7A0F-4019-BB76-23BB1F76F278}.Release|Any CPU.Build.0 = Release|Any CPU
	EndGlobalSection
	GlobalSection(SolutionProperties) = preSolution
		HideSolutionNode = FALSE
	EndGlobalSection
	GlobalSection(NestedProjects) = preSolution
		{EFF7B29F-60DF-4B43-BA85-28F847E5EAB3} = {6B1019ED-C4E4-4F3D-B3BF-06FD6ABEC47D}
		{06DF9C79-7A0F-4019-BB76-23BB1F76F278} = {6B1019ED-C4E4-4F3D-B3BF-06FD6ABEC47D}
	EndGlobalSection
	GlobalSection(ExtensibilityGlobals) = postSolution
		SolutionGuid = {C887DAFC-6263-4B10-8085-677E61DEBA6B}
	EndGlobalSection
EndGlobal
