
Microsoft Visual Studio Solution File, Format Version 12.00
# Visual Studio Version 16
VisualStudioVersion = 16.0.30611.23
MinimumVisualStudioVersion = 10.0.40219.1
Project("{2150E333-8FDC-42A3-9474-1A3956D46DE8}") = "Warmup", "Warmup", "{6B1019ED-C4E4-4F3D-B3BF-06FD6ABEC47D}"
EndProject
Project("{9A19103F-16F7-4668-BE54-9A1E7A4F7556}") = "SimpleArraySum", "Warmup\SimpleArraySum\SimpleArraySum.csproj", "{EFF7B29F-60DF-4B43-BA85-28F847E5EAB3}"
EndProject
Project("{9A19103F-16F7-4668-BE54-9A1E7A4F7556}") = "AVeryBigSum", "Warmup\AVeryBigSum\AVeryBigSum.csproj", "{06DF9C79-7A0F-4019-BB76-23BB1F76F278}"
EndProject
Project("{9A19103F-16F7-4668-BE54-9A1E7A4F7556}") = "PlusMinus", "Warmup\PlusMinus\PlusMinus.csproj", "{B7ACC861-6A57-4449-B96A-DFF644C7FAC7}"
EndProject
Project("{9A19103F-16F7-4668-BE54-9A1E7A4F7556}") = "MiniMaxSum", "Warmup\MiniMaxSum\MiniMaxSum.csproj", "{39603FEE-5B3B-4347-875F-4223CB4987EB}"
EndProject
Project("{9A19103F-16F7-4668-BE54-9A1E7A4F7556}") = "TimeConversion", "Warmup\TimeConversion\TimeConversion.csproj", "{D7F20F8A-ECF4-4644-9C66-7CB2F3A431EC}"
EndProject
Project("{9A19103F-16F7-4668-BE54-9A1E7A4F7556}") = "CompareTheTriplets", "Warmup\CompareTheTriplets\CompareTheTriplets.csproj", "{C83B39D1-2A1A-4AC1-B596-09B27E013BC4}"
EndProject
Project("{9A19103F-16F7-4668-BE54-9A1E7A4F7556}") = "BirthdayCakeCandles", "Warmup\BirthdayCakeCandles\BirthdayCakeCandles.csproj", "{3BD4726F-4321-4987-9266-A579F8E00073}"
EndProject
Project("{9A19103F-16F7-4668-BE54-9A1E7A4F7556}") = "Staircase", "Warmup\Staircase\Staircase.csproj", "{DE1EAC90-A6CB-412D-958A-59C44286B2D2}"
EndProject
Project("{9A19103F-16F7-4668-BE54-9A1E7A4F7556}") = "DiagonalDifference", "Warmup\DiagonalDifference\DiagonalDifference.csproj", "{5E898995-B06C-4F31-AF6B-C7D900F2B7AA}"
EndProject
Project("{2150E333-8FDC-42A3-9474-1A3956D46DE8}") = "Implementation", "Implementation", "{43CBD408-B601-45ED-BB12-9620E26E17B7}"
EndProject
Project("{9A19103F-16F7-4668-BE54-9A1E7A4F7556}") = "GradingStudents", "Implementation\GradingStudents\GradingStudents.csproj", "{CDBB1610-B900-455E-9445-920449301937}"
EndProject
Project("{9A19103F-16F7-4668-BE54-9A1E7A4F7556}") = "AppleAndOrange", "Implementation\AppleAndOrange\AppleAndOrange.csproj", "{44AE309C-68F0-41B8-8553-D244FACA6C06}"
EndProject
Project("{9A19103F-16F7-4668-BE54-9A1E7A4F7556}") = "BreakingTheRecords", "Implementation\BreakingTheRecords\BreakingTheRecords.csproj", "{206BDE1B-00A0-4304-9ADA-05614BB76CBB}"
EndProject
Project("{FAE04EC0-301F-11D3-BF4B-00C04F79EFBC}") = "BillDivision", "Implementation\BillDivision\BillDivision.csproj", "{820F56FF-74DF-4D0D-9050-DEFA5B2823E4}"
EndProject
Global
	GlobalSection(SolutionConfigurationPlatforms) = preSolution
		Debug|Any CPU = Debug|Any CPU
		Release|Any CPU = Release|Any CPU
	EndGlobalSection
	GlobalSection(ProjectConfigurationPlatforms) = postSolution
		{EFF7B29F-60DF-4B43-BA85-28F847E5EAB3}.Debug|Any CPU.ActiveCfg = Debug|Any CPU
		{EFF7B29F-60DF-4B43-BA85-28F847E5EAB3}.Debug|Any CPU.Build.0 = Debug|Any CPU
		{EFF7B29F-60DF-4B43-BA85-28F847E5EAB3}.Release|Any CPU.ActiveCfg = Release|Any CPU
		{EFF7B29F-60DF-4B43-BA85-28F847E5EAB3}.Release|Any CPU.Build.0 = Release|Any CPU
		{06DF9C79-7A0F-4019-BB76-23BB1F76F278}.Debug|Any CPU.ActiveCfg = Debug|Any CPU
		{06DF9C79-7A0F-4019-BB76-23BB1F76F278}.Debug|Any CPU.Build.0 = Debug|Any CPU
		{06DF9C79-7A0F-4019-BB76-23BB1F76F278}.Release|Any CPU.ActiveCfg = Release|Any CPU
		{06DF9C79-7A0F-4019-BB76-23BB1F76F278}.Release|Any CPU.Build.0 = Release|Any CPU
		{B7ACC861-6A57-4449-B96A-DFF644C7FAC7}.Debug|Any CPU.ActiveCfg = Debug|Any CPU
		{B7ACC861-6A57-4449-B96A-DFF644C7FAC7}.Debug|Any CPU.Build.0 = Debug|Any CPU
		{B7ACC861-6A57-4449-B96A-DFF644C7FAC7}.Release|Any CPU.ActiveCfg = Release|Any CPU
		{B7ACC861-6A57-4449-B96A-DFF644C7FAC7}.Release|Any CPU.Build.0 = Release|Any CPU
		{39603FEE-5B3B-4347-875F-4223CB4987EB}.Debug|Any CPU.ActiveCfg = Debug|Any CPU
		{39603FEE-5B3B-4347-875F-4223CB4987EB}.Debug|Any CPU.Build.0 = Debug|Any CPU
		{39603FEE-5B3B-4347-875F-4223CB4987EB}.Release|Any CPU.ActiveCfg = Release|Any CPU
		{39603FEE-5B3B-4347-875F-4223CB4987EB}.Release|Any CPU.Build.0 = Release|Any CPU
		{D7F20F8A-ECF4-4644-9C66-7CB2F3A431EC}.Debug|Any CPU.ActiveCfg = Debug|Any CPU
		{D7F20F8A-ECF4-4644-9C66-7CB2F3A431EC}.Debug|Any CPU.Build.0 = Debug|Any CPU
		{D7F20F8A-ECF4-4644-9C66-7CB2F3A431EC}.Release|Any CPU.ActiveCfg = Release|Any CPU
		{D7F20F8A-ECF4-4644-9C66-7CB2F3A431EC}.Release|Any CPU.Build.0 = Release|Any CPU
		{C83B39D1-2A1A-4AC1-B596-09B27E013BC4}.Debug|Any CPU.ActiveCfg = Debug|Any CPU
		{C83B39D1-2A1A-4AC1-B596-09B27E013BC4}.Debug|Any CPU.Build.0 = Debug|Any CPU
		{C83B39D1-2A1A-4AC1-B596-09B27E013BC4}.Release|Any CPU.ActiveCfg = Release|Any CPU
		{C83B39D1-2A1A-4AC1-B596-09B27E013BC4}.Release|Any CPU.Build.0 = Release|Any CPU
		{3BD4726F-4321-4987-9266-A579F8E00073}.Debug|Any CPU.ActiveCfg = Debug|Any CPU
		{3BD4726F-4321-4987-9266-A579F8E00073}.Debug|Any CPU.Build.0 = Debug|Any CPU
		{3BD4726F-4321-4987-9266-A579F8E00073}.Release|Any CPU.ActiveCfg = Release|Any CPU
		{3BD4726F-4321-4987-9266-A579F8E00073}.Release|Any CPU.Build.0 = Release|Any CPU
		{DE1EAC90-A6CB-412D-958A-59C44286B2D2}.Debug|Any CPU.ActiveCfg = Debug|Any CPU
		{DE1EAC90-A6CB-412D-958A-59C44286B2D2}.Debug|Any CPU.Build.0 = Debug|Any CPU
		{DE1EAC90-A6CB-412D-958A-59C44286B2D2}.Release|Any CPU.ActiveCfg = Release|Any CPU
		{DE1EAC90-A6CB-412D-958A-59C44286B2D2}.Release|Any CPU.Build.0 = Release|Any CPU
		{5E898995-B06C-4F31-AF6B-C7D900F2B7AA}.Debug|Any CPU.ActiveCfg = Debug|Any CPU
		{5E898995-B06C-4F31-AF6B-C7D900F2B7AA}.Debug|Any CPU.Build.0 = Debug|Any CPU
		{5E898995-B06C-4F31-AF6B-C7D900F2B7AA}.Release|Any CPU.ActiveCfg = Release|Any CPU
		{5E898995-B06C-4F31-AF6B-C7D900F2B7AA}.Release|Any CPU.Build.0 = Release|Any CPU
		{CDBB1610-B900-455E-9445-920449301937}.Debug|Any CPU.ActiveCfg = Debug|Any CPU
		{CDBB1610-B900-455E-9445-920449301937}.Debug|Any CPU.Build.0 = Debug|Any CPU
		{CDBB1610-B900-455E-9445-920449301937}.Release|Any CPU.ActiveCfg = Release|Any CPU
		{CDBB1610-B900-455E-9445-920449301937}.Release|Any CPU.Build.0 = Release|Any CPU
		{44AE309C-68F0-41B8-8553-D244FACA6C06}.Debug|Any CPU.ActiveCfg = Debug|Any CPU
		{44AE309C-68F0-41B8-8553-D244FACA6C06}.Debug|Any CPU.Build.0 = Debug|Any CPU
		{44AE309C-68F0-41B8-8553-D244FACA6C06}.Release|Any CPU.ActiveCfg = Release|Any CPU
		{44AE309C-68F0-41B8-8553-D244FACA6C06}.Release|Any CPU.Build.0 = Release|Any CPU
		{206BDE1B-00A0-4304-9ADA-05614BB76CBB}.Debug|Any CPU.ActiveCfg = Debug|Any CPU
		{206BDE1B-00A0-4304-9ADA-05614BB76CBB}.Debug|Any CPU.Build.0 = Debug|Any CPU
		{206BDE1B-00A0-4304-9ADA-05614BB76CBB}.Release|Any CPU.ActiveCfg = Release|Any CPU
		{206BDE1B-00A0-4304-9ADA-05614BB76CBB}.Release|Any CPU.Build.0 = Release|Any CPU
		{820F56FF-74DF-4D0D-9050-DEFA5B2823E4}.Debug|Any CPU.ActiveCfg = Debug|Any CPU
		{820F56FF-74DF-4D0D-9050-DEFA5B2823E4}.Debug|Any CPU.Build.0 = Debug|Any CPU
		{820F56FF-74DF-4D0D-9050-DEFA5B2823E4}.Release|Any CPU.ActiveCfg = Release|Any CPU
		{820F56FF-74DF-4D0D-9050-DEFA5B2823E4}.Release|Any CPU.Build.0 = Release|Any CPU
	EndGlobalSection
	GlobalSection(SolutionProperties) = preSolution
		HideSolutionNode = FALSE
	EndGlobalSection
	GlobalSection(NestedProjects) = preSolution
		{EFF7B29F-60DF-4B43-BA85-28F847E5EAB3} = {6B1019ED-C4E4-4F3D-B3BF-06FD6ABEC47D}
		{06DF9C79-7A0F-4019-BB76-23BB1F76F278} = {6B1019ED-C4E4-4F3D-B3BF-06FD6ABEC47D}
		{B7ACC861-6A57-4449-B96A-DFF644C7FAC7} = {6B1019ED-C4E4-4F3D-B3BF-06FD6ABEC47D}
		{39603FEE-5B3B-4347-875F-4223CB4987EB} = {6B1019ED-C4E4-4F3D-B3BF-06FD6ABEC47D}
		{D7F20F8A-ECF4-4644-9C66-7CB2F3A431EC} = {6B1019ED-C4E4-4F3D-B3BF-06FD6ABEC47D}
		{C83B39D1-2A1A-4AC1-B596-09B27E013BC4} = {6B1019ED-C4E4-4F3D-B3BF-06FD6ABEC47D}
		{3BD4726F-4321-4987-9266-A579F8E00073} = {6B1019ED-C4E4-4F3D-B3BF-06FD6ABEC47D}
		{DE1EAC90-A6CB-412D-958A-59C44286B2D2} = {6B1019ED-C4E4-4F3D-B3BF-06FD6ABEC47D}
		{5E898995-B06C-4F31-AF6B-C7D900F2B7AA} = {6B1019ED-C4E4-4F3D-B3BF-06FD6ABEC47D}
		{CDBB1610-B900-455E-9445-920449301937} = {43CBD408-B601-45ED-BB12-9620E26E17B7}
		{44AE309C-68F0-41B8-8553-D244FACA6C06} = {43CBD408-B601-45ED-BB12-9620E26E17B7}
		{206BDE1B-00A0-4304-9ADA-05614BB76CBB} = {43CBD408-B601-45ED-BB12-9620E26E17B7}
		{820F56FF-74DF-4D0D-9050-DEFA5B2823E4} = {43CBD408-B601-45ED-BB12-9620E26E17B7}
	EndGlobalSection
	GlobalSection(ExtensibilityGlobals) = postSolution
		SolutionGuid = {C887DAFC-6263-4B10-8085-677E61DEBA6B}
	EndGlobalSection
EndGlobal
